
Microsoft Visual Studio Solution File, Format Version 12.00
# Visual Studio Version 17
VisualStudioVersion = 17.2.32630.192
MinimumVisualStudioVersion = 10.0.40219.1
Project("{FAE04EC0-301F-11D3-BF4B-00C04F79EFBC}") = "VendasWebMvc", "VendasWebMvc\VendasWebMvc.csproj", "{A6B23728-71CD-44DC-88F7-EC9B507C4DDD}"
EndProject
Global
	GlobalSection(SolutionConfigurationPlatforms) = preSolution
		Debug|Any CPU = Debug|Any CPU
		Release|Any CPU = Release|Any CPU
	EndGlobalSection
	GlobalSection(ProjectConfigurationPlatforms) = postSolution
		{A6B23728-71CD-44DC-88F7-EC9B507C4DDD}.Debug|Any CPU.ActiveCfg = Debug|Any CPU
		{A6B23728-71CD-44DC-88F7-EC9B507C4DDD}.Debug|Any CPU.Build.0 = Debug|Any CPU
		{A6B23728-71CD-44DC-88F7-EC9B507C4DDD}.Release|Any CPU.ActiveCfg = Release|Any CPU
		{A6B23728-71CD-44DC-88F7-EC9B507C4DDD}.Release|Any CPU.Build.0 = Release|Any CPU
	EndGlobalSection
	GlobalSection(SolutionProperties) = preSolution
		HideSolutionNode = FALSE
	EndGlobalSection
	GlobalSection(ExtensibilityGlobals) = postSolution
		SolutionGuid = {EDFC25B2-1FBC-44C9-862A-DF1418B6A21A}
	EndGlobalSection
EndGlobal
